{
  "name": "markdown-cli-compiler",
  "version": "0.1.0",
  "lockfileVersion": 1,
  "requires": true,
  "dependencies": {
    "@types/highlight.js": {
      "version": "9.12.4",
      "resolved": "https://registry.npmjs.org/@types/highlight.js/-/highlight.js-9.12.4.tgz",
      "integrity": "sha512-t2szdkwmg2JJyuCM20e8kR2X59WCE5Zkl4bzm1u1Oukjm79zpbiAv+QjnwLnuuV0WHEcX2NgUItu0pAMKuOPww=="
    },
    "@types/linkify-it": {
      "version": "3.0.0",
      "resolved": "https://registry.npmjs.org/@types/linkify-it/-/linkify-it-3.0.0.tgz",
      "integrity": "sha512-x9OaQQTb1N2hPZ/LWJsqushexDvz7NgzuZxiRmZio44WPuolTZNHDBCrOxCzRVOMwamJRO2dWax5NbygOf1OTQ=="
    },
    "@types/markdown-it": {
      "version": "12.0.1",
      "resolved": "https://registry.npmjs.org/@types/markdown-it/-/markdown-it-12.0.1.tgz",
      "integrity": "sha512-mHfT8j/XkPb1uLEfs0/C3se6nd+webC2kcqcy8tgcVr0GDEONv/xaQzAN+aQvkxQXk/jC0Q6mPS+0xhFwRF35g==",
      "requires": {
        "@types/highlight.js": "^9.7.0",
        "@types/linkify-it": "*",
        "@types/mdurl": "*"
      }
    },
    "@types/mdurl": {
      "version": "1.0.2",
      "resolved": "https://registry.npmjs.org/@types/mdurl/-/mdurl-1.0.2.tgz",
      "integrity": "sha512-eC4U9MlIcu2q0KQmXszyn5Akca/0jrQmwDRgpAMJai7qBWq4amIQhZyNau4VYGtCeALvW1/NtjzJJ567aZxfKA=="
    },
    "@types/node": {
      "version": "14.14.31",
      "resolved": "https://registry.npmjs.org/@types/node/-/node-14.14.31.tgz",
      "integrity": "sha512-vFHy/ezP5qI0rFgJ7aQnjDXwAMrG0KqqIH7tQG5PPv3BWBayOPIQNBjVc/P6hhdZfMx51REc6tfDNXHUio893g==",
      "dev": true
    },
    "@types/yargs": {
      "version": "16.0.0",
      "resolved": "https://registry.npmjs.org/@types/yargs/-/yargs-16.0.0.tgz",
      "integrity": "sha512-2nN6AGeMwe8+O6nO9ytQfbMQOJy65oi1yK2y/9oReR08DaXSGtMsrLyCM1ooKqfICpCx4oITaR4LkOmdzz41Ww==",
      "dev": true,
      "requires": {
        "@types/yargs-parser": "*"
      }
    },
    "@types/yargs-parser": {
      "version": "20.2.0",
      "resolved": "https://registry.npmjs.org/@types/yargs-parser/-/yargs-parser-20.2.0.tgz",
      "integrity": "sha512-37RSHht+gzzgYeobbG+KWryeAW8J33Nhr69cjTqSYymXVZEN9NbRYWoYlRtDhHKPVT1FyNKwaTPC1NynKZpzRA==",
      "dev": true
    },
    "ansi-regex": {
      "version": "5.0.0",
      "resolved": "https://registry.npmjs.org/ansi-regex/-/ansi-regex-5.0.0.tgz",
      "integrity": "sha512-bY6fj56OUQ0hU1KjFNDQuJFezqKdrAyFdIevADiqrWHwSlbmBNMHp5ak2f40Pm8JTFyM2mqxkG6ngkHO11f/lg=="
    },
    "ansi-styles": {
      "version": "4.3.0",
      "resolved": "https://registry.npmjs.org/ansi-styles/-/ansi-styles-4.3.0.tgz",
      "integrity": "sha512-zbB9rCJAT1rbjiVDb2hqKFHNYLxgtk8NURxZ3IZwD3F6NtxbXZQCnnSi1Lkx+IDohdPlFp222wVALIheZJQSEg==",
      "requires": {
        "color-convert": "^2.0.1"
      }
    },
    "argparse": {
      "version": "2.0.1",
      "resolved": "https://registry.npmjs.org/argparse/-/argparse-2.0.1.tgz",
      "integrity": "sha512-8+9WqebbFzpX9OR+Wa6O29asIogeRMzcGtAINdpMHHyAg10f05aSFVBbcEqGf/PXw1EjAZ+q2/bEBg3DvurK3Q=="
    },
    "balanced-match": {
      "version": "1.0.0",
      "resolved": "https://registry.npmjs.org/balanced-match/-/balanced-match-1.0.0.tgz",
      "integrity": "sha1-ibTRmasr7kneFk6gK4nORi1xt2c="
    },
    "brace-expansion": {
      "version": "1.1.11",
      "resolved": "https://registry.npmjs.org/brace-expansion/-/brace-expansion-1.1.11.tgz",
      "integrity": "sha512-iCuPHDFgrHX7H2vEI/5xpz07zSHB00TpugqhmYtVmMO6518mCuRMoOYFldEBl0g187ufozdaHgWKcYFb61qGiA==",
      "requires": {
        "balanced-match": "^1.0.0",
        "concat-map": "0.0.1"
      }
    },
    "cliui": {
      "version": "7.0.4",
      "resolved": "https://registry.npmjs.org/cliui/-/cliui-7.0.4.tgz",
      "integrity": "sha512-OcRE68cOsVMXp1Yvonl/fzkQOyjLSu/8bhPDfQt0e0/Eb283TKP20Fs2MqoPsr9SwA595rRCA+QMzYc9nBP+JQ==",
      "requires": {
        "string-width": "^4.2.0",
        "strip-ansi": "^6.0.0",
        "wrap-ansi": "^7.0.0"
      }
    },
    "color-convert": {
      "version": "2.0.1",
      "resolved": "https://registry.npmjs.org/color-convert/-/color-convert-2.0.1.tgz",
      "integrity": "sha512-RRECPsj7iu/xb5oKYcsFHSppFNnsj/52OVTRKb4zP5onXwVF3zVmmToNcOfGC+CRDpfK/U584fMg38ZHCaElKQ==",
      "requires": {
        "color-name": "~1.1.4"
      }
    },
    "color-name": {
      "version": "1.1.4",
      "resolved": "https://registry.npmjs.org/color-name/-/color-name-1.1.4.tgz",
      "integrity": "sha512-dOy+3AuW3a2wNbZHIuMZpTcgjGuLU/uBL/ubcZF9OXbDo8ff4O8yVp5Bf0efS8uEoYo5q4Fx7dY9OgQGXgAsQA=="
    },
    "commander": {
      "version": "2.20.3",
      "resolved": "https://registry.npmjs.org/commander/-/commander-2.20.3.tgz",
      "integrity": "sha512-GpVkmM8vF2vQUkj2LvZmD35JxeJOLCwJ9cUkugyk2nuhbv3+mJvpLYYt+0+USMxE+oj+ey/lJEnhZw75x/OMcQ=="
    },
    "concat-map": {
      "version": "0.0.1",
      "resolved": "https://registry.npmjs.org/concat-map/-/concat-map-0.0.1.tgz",
      "integrity": "sha1-2Klr13/Wjfd5OnMDajug1UBdR3s="
    },
    "emoji-regex": {
      "version": "8.0.0",
      "resolved": "https://registry.npmjs.org/emoji-regex/-/emoji-regex-8.0.0.tgz",
      "integrity": "sha512-MSjYzcWNOA0ewAHpz0MxpYFvwg6yjy1NG3xteoqz644VCo/RPgnr1/GGt+ic3iJTzQ8Eu3TdM14SawnVUmGE6A=="
    },
    "entities": {
      "version": "2.1.0",
      "resolved": "https://registry.npmjs.org/entities/-/entities-2.1.0.tgz",
      "integrity": "sha512-hCx1oky9PFrJ611mf0ifBLBRW8lUUVRlFolb5gWRfIELabBlbp9xZvrqZLZAs+NxFnbfQoeGd8wDkygjg7U85w=="
    },
    "escalade": {
      "version": "3.1.1",
      "resolved": "https://registry.npmjs.org/escalade/-/escalade-3.1.1.tgz",
      "integrity": "sha512-k0er2gUkLf8O0zKJiAhmkTnJlTvINGv7ygDNPbeIsX/TJjGJZHuh9B2UxbsaEkmlEo9MfhrSzmhIlhRlI2GXnw=="
    },
    "fs.realpath": {
      "version": "1.0.0",
      "resolved": "https://registry.npmjs.org/fs.realpath/-/fs.realpath-1.0.0.tgz",
      "integrity": "sha1-FQStJSMVjKpA20onh8sBQRmU6k8="
    },
    "get-caller-file": {
      "version": "2.0.5",
      "resolved": "https://registry.npmjs.org/get-caller-file/-/get-caller-file-2.0.5.tgz",
      "integrity": "sha512-DyFP3BM/3YHTQOCUL/w0OZHR0lpKeGrxotcHWcqNEdnltqFwXVfhEBQ94eIo34AfQpo0rGki4cyIiftY06h2Fg=="
    },
    "glob": {
      "version": "7.1.6",
      "resolved": "https://registry.npmjs.org/glob/-/glob-7.1.6.tgz",
      "integrity": "sha512-LwaxwyZ72Lk7vZINtNNrywX0ZuLyStrdDtabefZKAY5ZGJhVtgdznluResxNmPitE0SAO+O26sWTHeKSI2wMBA==",
      "requires": {
        "fs.realpath": "^1.0.0",
        "inflight": "^1.0.4",
        "inherits": "2",
        "minimatch": "^3.0.4",
        "once": "^1.3.0",
        "path-is-absolute": "^1.0.0"
      }
    },
    "highlight.js": {
      "version": "10.6.0",
      "resolved": "https://registry.npmjs.org/highlight.js/-/highlight.js-10.6.0.tgz",
      "integrity": "sha512-8mlRcn5vk/r4+QcqerapwBYTe+iPL5ih6xrNylxrnBdHQiijDETfXX7VIxC3UiCRiINBJfANBAsPzAvRQj8RpQ=="
    },
    "inflight": {
      "version": "1.0.6",
      "resolved": "https://registry.npmjs.org/inflight/-/inflight-1.0.6.tgz",
      "integrity": "sha1-Sb1jMdfQLQwJvJEKEHW6gWW1bfk=",
      "requires": {
        "once": "^1.3.0",
        "wrappy": "1"
      }
    },
    "inherits": {
      "version": "2.0.3",
      "resolved": "https://registry.npmjs.org/inherits/-/inherits-2.0.3.tgz",
      "integrity": "sha1-Yzwsg+PaQqUC9SRmAiSA9CCCYd4="
    },
    "is-fullwidth-code-point": {
      "version": "3.0.0",
      "resolved": "https://registry.npmjs.org/is-fullwidth-code-point/-/is-fullwidth-code-point-3.0.0.tgz",
      "integrity": "sha512-zymm5+u+sCsSWyD9qNaejV3DFvhCKclKdizYaJUuHA83RLjb7nSuGnddCHGv0hk+KY7BMAlsWeK4Ueg6EV6XQg=="
    },
    "katex": {
      "version": "0.12.0",
      "resolved": "https://registry.npmjs.org/katex/-/katex-0.12.0.tgz",
      "integrity": "sha512-y+8btoc/CK70XqcHqjxiGWBOeIL8upbS0peTPXTvgrh21n1RiWWcIpSWM+4uXq+IAgNh9YYQWdc7LVDPDAEEAg==",
      "requires": {
        "commander": "^2.19.0"
      }
    },
    "linkify-it": {
      "version": "3.0.2",
      "resolved": "https://registry.npmjs.org/linkify-it/-/linkify-it-3.0.2.tgz",
      "integrity": "sha512-gDBO4aHNZS6coiZCKVhSNh43F9ioIL4JwRjLZPkoLIY4yZFwg264Y5lu2x6rb1Js42Gh6Yqm2f6L2AJcnkzinQ==",
      "requires": {
        "uc.micro": "^1.0.1"
      }
    },
    "lodash.repeat": {
      "version": "4.1.0",
      "resolved": "https://registry.npmjs.org/lodash.repeat/-/lodash.repeat-4.1.0.tgz",
      "integrity": "sha1-/H3oEx2MisB+S0n3T/6CnR8r7EQ="
    },
    "markdown-it": {
      "version": "12.0.4",
      "resolved": "https://registry.npmjs.org/markdown-it/-/markdown-it-12.0.4.tgz",
      "integrity": "sha512-34RwOXZT8kyuOJy25oJNJoulO8L0bTHYWXcdZBYZqFnjIy3NgjeoM3FmPXIOFQ26/lSHYMr8oc62B6adxXcb3Q==",
      "requires": {
        "argparse": "^2.0.1",
        "entities": "~2.1.0",
        "linkify-it": "^3.0.1",
        "mdurl": "^1.0.1",
        "uc.micro": "^1.0.5"
      }
    },
    "markdown-it-abbr": {
      "version": "1.0.4",
      "resolved": "https://registry.npmjs.org/markdown-it-abbr/-/markdown-it-abbr-1.0.4.tgz",
      "integrity": "sha1-1mtTZFIcuz3Yqlna37ovtoZcj9g="
    },
    "markdown-it-anchor": {
      "version": "7.0.2",
      "resolved": "https://registry.npmjs.org/markdown-it-anchor/-/markdown-it-anchor-7.0.2.tgz",
      "integrity": "sha512-UtYFAkce16mJlixXUMXUf14ZmOWK2YHLGKUpkZUn98w3qP8nVhb7k5sCBZmVHGMq3SpYtrxQ5XOdHQHRuLR40Q=="
    },
    "markdown-it-attrs": {
      "version": "4.0.0",
      "resolved": "https://registry.npmjs.org/markdown-it-attrs/-/markdown-it-attrs-4.0.0.tgz",
      "integrity": "sha512-uLjtdCmhhmL3BuZsReYkFxk74qKjj5ahe34teBpOCJ4hYZZl7/ftLyXWLowngC2moRkbLEvKwN/7TMwbhbHE/A=="
    },
    "markdown-it-center-text": {
      "version": "1.0.4",
      "resolved": "https://registry.npmjs.org/markdown-it-center-text/-/markdown-it-center-text-1.0.4.tgz",
      "integrity": "sha512-7AA0gek4FYJ6gWB2kdGNx06k3GrlO97nEMY7uovQ70/6MtfqPznrgnKoWO3V4p36m3RT5GeQIFXqBH9Wr4iL/g=="
    },
    "markdown-it-classy": {
      "version": "0.2.0",
      "resolved": "https://registry.npmjs.org/markdown-it-classy/-/markdown-it-classy-0.2.0.tgz",
      "integrity": "sha1-gytDyTgwA7jBVicZik7vZllDpQ4="
    },
    "markdown-it-codetabs": {
      "version": "1.2.0",
      "resolved": "https://registry.npmjs.org/markdown-it-codetabs/-/markdown-it-codetabs-1.2.0.tgz",
      "integrity": "sha512-kF0ec56hKmBZ4xMSFm1pIOuRT37iInD8uvTq+uaWpVKnja6mAg6gkGMLaeLeBiRx4fAMJmrWy417WPf8GgNWxg=="
    },
    "markdown-it-collapsible": {
      "version": "1.0.0",
      "resolved": "https://registry.npmjs.org/markdown-it-collapsible/-/markdown-it-collapsible-1.0.0.tgz",
      "integrity": "sha512-WRkgDH66GNxkdkZGEyW/0VnsEtOzxZuQCAY1e5FjVYACAhMtDNleZs1Y7NZSj5Pn3yksQ6SrgPkEwQW2IFGAQw=="
    },
    "markdown-it-color": {
      "version": "2.1.0",
      "resolved": "https://registry.npmjs.org/markdown-it-color/-/markdown-it-color-2.1.0.tgz",
      "integrity": "sha512-KxZSEQYXwyvpPT9tNLi4AvI6uW+SS+aui04hjDTkhm5VQ/cTCrKrVaVIgm8AipbzWRg37W6kpIo9GcErePeUYw=="
    },
    "markdown-it-deflist": {
      "version": "2.1.0",
      "resolved": "https://registry.npmjs.org/markdown-it-deflist/-/markdown-it-deflist-2.1.0.tgz",
      "integrity": "sha512-3OuqoRUlSxJiuQYu0cWTLHNhhq2xtoSFqsZK8plANg91+RJQU1ziQ6lA2LzmFAEes18uPBsHZpcX6We5l76Nzg=="
    },
    "markdown-it-emoji": {
      "version": "2.0.0",
      "resolved": "https://registry.npmjs.org/markdown-it-emoji/-/markdown-it-emoji-2.0.0.tgz",
      "integrity": "sha512-39j7/9vP/CPCKbEI44oV8yoPJTpvfeReTn/COgRhSpNrjWF3PfP/JUxxB0hxV6ynOY8KH8Y8aX9NMDdo6z+6YQ=="
    },
    "markdown-it-emph": {
      "version": "1.1.0",
      "resolved": "https://registry.npmjs.org/markdown-it-emph/-/markdown-it-emph-1.1.0.tgz",
      "integrity": "sha1-oLJWSjnIVV91Vxhkdhfc9Pcfp4E="
    },
    "markdown-it-expand-tabs": {
      "version": "1.0.13",
      "resolved": "https://registry.npmjs.org/markdown-it-expand-tabs/-/markdown-it-expand-tabs-1.0.13.tgz",
      "integrity": "sha512-ODpk98FWkGIq2vkwm2NOLt4G6TRgy3M9eTa9SFm06pUyOd0zjjYAwkhsjiCDU42pzKuz0ChiwBO0utuOj3LNOA==",
      "requires": {
        "lodash.repeat": "^4.0.0"
      }
    },
    "markdown-it-footnote": {
      "version": "3.0.2",
      "resolved": "https://registry.npmjs.org/markdown-it-footnote/-/markdown-it-footnote-3.0.2.tgz",
      "integrity": "sha512-JVW6fCmZWjvMdDQSbOT3nnOQtd9iAXmw7hTSh26+v42BnvXeVyGMDBm5b/EZocMed2MbCAHiTX632vY0FyGB8A=="
    },
    "markdown-it-imsize": {
      "version": "2.0.1",
      "resolved": "https://registry.npmjs.org/markdown-it-imsize/-/markdown-it-imsize-2.0.1.tgz",
      "integrity": "sha1-zKBCeQXQUziiR8ucqdloxc3dUXA="
    },
    "markdown-it-inline-comments": {
      "version": "1.0.1",
      "resolved": "https://registry.npmjs.org/markdown-it-inline-comments/-/markdown-it-inline-comments-1.0.1.tgz",
      "integrity": "sha1-F26r5jGj4IElvXOVAPQ8UfUliW0="
    },
    "markdown-it-ins": {
      "version": "3.0.1",
      "resolved": "https://registry.npmjs.org/markdown-it-ins/-/markdown-it-ins-3.0.1.tgz",
      "integrity": "sha512-32SSfZqSzqyAmmQ4SHvhxbFqSzPDqsZgMHDwxqPzp+v+t8RsmqsBZRG+RfRQskJko9PfKC2/oxyOs4Yg/CfiRw=="
    },
    "markdown-it-jsx": {
      "version": "1.1.0",
      "resolved": "https://registry.npmjs.org/markdown-it-jsx/-/markdown-it-jsx-1.1.0.tgz",
      "integrity": "sha1-NTApK/MH+gcb/3hul39gR+ClUEI=",
      "requires": {
        "parsimmon": "^1.2.0"
      }
    },
    "markdown-it-kbd": {
      "version": "2.2.0",
      "resolved": "https://registry.npmjs.org/markdown-it-kbd/-/markdown-it-kbd-2.2.0.tgz",
      "integrity": "sha512-2pihaZc7D+q78VQucDg3uTy3QOMCChRBJ3IT/wFrrWCJ2HQ3tVX8xURL18WmULBbhkZ0dQM33sVRlNQ6oU3UNg=="
    },
    "markdown-it-mark": {
      "version": "3.0.1",
      "resolved": "https://registry.npmjs.org/markdown-it-mark/-/markdown-it-mark-3.0.1.tgz",
      "integrity": "sha512-HyxjAu6BRsdt6Xcv6TKVQnkz/E70TdGXEFHRYBGLncRE9lBFwDNLVtFojKxjJWgJ+5XxUwLaHXy+2sGBbDn+4A=="
    },
    "markdown-it-multimd-table": {
      "version": "4.0.3",
      "resolved": "https://registry.npmjs.org/markdown-it-multimd-table/-/markdown-it-multimd-table-4.0.3.tgz",
      "integrity": "sha512-uVLriNj6doq1dGyJppQdwbaGcK6uSzbrk7osxRHjOmZBeShgMtPS6/d+pnIKkohOjaRyP9e5kwTAlAIe/lEaIQ==",
      "requires": {
        "markdown-it": "^11.0.0"
      },
      "dependencies": {
        "argparse": {
          "version": "1.0.10",
          "resolved": "https://registry.npmjs.org/argparse/-/argparse-1.0.10.tgz",
          "integrity": "sha512-o5Roy6tNG4SL/FOkCAN6RzjiakZS25RLYFrcMttJqbdd8BWrnA+fGz57iN5Pb06pvBGvl5gQ0B48dJlslXvoTg==",
          "requires": {
            "sprintf-js": "~1.0.2"
          }
        },
        "entities": {
          "version": "2.0.3",
          "resolved": "https://registry.npmjs.org/entities/-/entities-2.0.3.tgz",
          "integrity": "sha512-MyoZ0jgnLvB2X3Lg5HqpFmn1kybDiIfEQmKzTb5apr51Rb+T3KdmMiqa70T+bhGnyv7bQ6WMj2QMHpGMmlrUYQ=="
        },
        "markdown-it": {
          "version": "11.0.1",
          "resolved": "https://registry.npmjs.org/markdown-it/-/markdown-it-11.0.1.tgz",
          "integrity": "sha512-aU1TzmBKcWNNYvH9pjq6u92BML+Hz3h5S/QpfTFwiQF852pLT+9qHsrhM9JYipkOXZxGn+sGH8oyJE9FD9WezQ==",
          "requires": {
            "argparse": "^1.0.7",
            "entities": "~2.0.0",
            "linkify-it": "^3.0.1",
            "mdurl": "^1.0.1",
            "uc.micro": "^1.0.5"
          }
        }
      }
    },
    "markdown-it-ruby": {
      "version": "git+https://github.com/catonif/markdown-it-ruby.git#9a4ee11115d0019055ff67dcff024b5483e7f43f",
      "from": "git+https://github.com/catonif/markdown-it-ruby.git"
    },
    "markdown-it-small": {
      "version": "1.0.0",
      "resolved": "https://registry.npmjs.org/markdown-it-small/-/markdown-it-small-1.0.0.tgz",
      "integrity": "sha512-tL9yr4h/ZEjyMJsSicrQorlZhaqHgxSE8kNkMxRh2lUEjtijE4sz37w0nS7NzuRI4+lhQy0ZVlEbvs8ni47FWA=="
    },
    "markdown-it-smartarrows": {
      "version": "1.0.1",
      "resolved": "https://registry.npmjs.org/markdown-it-smartarrows/-/markdown-it-smartarrows-1.0.1.tgz",
      "integrity": "sha1-tXDpwP+YEuDbas4Zr6W6ErZLuac="
    },
    "markdown-it-spoiler": {
      "version": "1.1.1",
      "resolved": "https://registry.npmjs.org/markdown-it-spoiler/-/markdown-it-spoiler-1.1.1.tgz",
      "integrity": "sha512-4lGEJqgcc5aD2MVkOjQdWwPOn+QFfU5v0j2lRcOFjMiPxID/cQxdcpRHdZck5JF2+Ze8bDCcORkGO7o4KKZaGA==",
      "requires": {
        "@types/markdown-it": "*"
      }
    },
    "markdown-it-sub": {
      "version": "1.0.0",
      "resolved": "https://registry.npmjs.org/markdown-it-sub/-/markdown-it-sub-1.0.0.tgz",
      "integrity": "sha1-N1/WAm6ufdywEkl/ZBEZXqHjr+g="
    },
    "markdown-it-sup": {
      "version": "1.0.0",
      "resolved": "https://registry.npmjs.org/markdown-it-sup/-/markdown-it-sup-1.0.0.tgz",
      "integrity": "sha1-y5yf+RpSVawI8/09YyhuFd8KH8M="
    },
    "markdown-it-task-lists": {
      "version": "2.1.1",
      "resolved": "https://registry.npmjs.org/markdown-it-task-lists/-/markdown-it-task-lists-2.1.1.tgz",
      "integrity": "sha512-TxFAc76Jnhb2OUu+n3yz9RMu4CwGfaT788br6HhEDlvWfdeJcLUsxk1Hgw2yJio0OXsxv7pyIPmvECY7bMbluA=="
    },
    "markdown-it-texmath": {
      "version": "0.8.0",
      "resolved": "https://registry.npmjs.org/markdown-it-texmath/-/markdown-it-texmath-0.8.0.tgz",
      "integrity": "sha512-/59D3rW/IG+tBoZv0Fuqg4XKhqGKYG+4us9JJ+9ZrERaN1XBMpU3U0wyOhynsJulKpGrZ0xa3+f9p35leuFc8w=="
    },
    "markdown-it-title": {
      "version": "3.0.0",
      "resolved": "https://registry.npmjs.org/markdown-it-title/-/markdown-it-title-3.0.0.tgz",
      "integrity": "sha512-iHZptfptAXGJlcboqWxUSWNkJLUyxZ452CobBzkQ7MtwfVhTI77W1LTAy+miQTqo3U+wkDUOFhhXj2XUD0dVWQ=="
    },
    "markdown-it-toc": {
      "version": "1.1.0",
      "resolved": "https://registry.npmjs.org/markdown-it-toc/-/markdown-it-toc-1.1.0.tgz",
      "integrity": "sha1-bRiYWOMrPetP860nE/qSdDnJV+A="
    },
    "markdown-it-underline": {
      "version": "1.0.1",
      "resolved": "https://registry.npmjs.org/markdown-it-underline/-/markdown-it-underline-1.0.1.tgz",
      "integrity": "sha1-Q6VKVB2V1zm0MVdwHx2jBtfDALI="
    },
    "mdurl": {
      "version": "1.0.1",
      "resolved": "https://registry.npmjs.org/mdurl/-/mdurl-1.0.1.tgz",
      "integrity": "sha1-/oWy7HWlkDfyrf7BAP1sYBdhFS4="
    },
    "minimatch": {
      "version": "3.0.4",
      "resolved": "https://registry.npmjs.org/minimatch/-/minimatch-3.0.4.tgz",
      "integrity": "sha512-yJHVQEhyqPLUTgt9B83PXu6W3rx4MvvHvSUvToogpwoGDOUQ+yDrR0HRot+yOCdCO7u4hX3pWft6kWBBcqh0UA==",
      "requires": {
        "brace-expansion": "^1.1.7"
      }
    },
    "once": {
      "version": "1.4.0",
      "resolved": "https://registry.npmjs.org/once/-/once-1.4.0.tgz",
      "integrity": "sha1-WDsap3WWHUsROsF9nFC6753Xa9E=",
      "requires": {
        "wrappy": "1"
      }
    },
    "parsimmon": {
      "version": "1.16.0",
      "resolved": "https://registry.npmjs.org/parsimmon/-/parsimmon-1.16.0.tgz",
      "integrity": "sha512-tekGDz2Lny27SQ/5DzJdIK0lqsWwZ667SCLFIDCxaZM7VNgQjyKLbaL7FYPKpbjdxNAXFV/mSxkq5D2fnkW4pA=="
    },
    "path": {
      "version": "0.12.7",
      "resolved": "https://registry.npmjs.org/path/-/path-0.12.7.tgz",
      "integrity": "sha1-1NwqUGxM4hl+tIHr/NWzbAFAsQ8=",
      "requires": {
        "process": "^0.11.1",
        "util": "^0.10.3"
      }
    },
    "path-is-absolute": {
      "version": "1.0.1",
      "resolved": "https://registry.npmjs.org/path-is-absolute/-/path-is-absolute-1.0.1.tgz",
      "integrity": "sha1-F0uSaHNVNP+8es5r9TpanhtcX18="
    },
    "process": {
      "version": "0.11.10",
      "resolved": "https://registry.npmjs.org/process/-/process-0.11.10.tgz",
      "integrity": "sha1-czIwDoQBYb2j5podHZGn1LwW8YI="
    },
    "require-directory": {
      "version": "2.1.1",
      "resolved": "https://registry.npmjs.org/require-directory/-/require-directory-2.1.1.tgz",
      "integrity": "sha1-jGStX9MNqxyXbiNE/+f3kqam30I="
    },
    "sprintf-js": {
      "version": "1.0.3",
      "resolved": "https://registry.npmjs.org/sprintf-js/-/sprintf-js-1.0.3.tgz",
      "integrity": "sha1-BOaSb2YolTVPPdAVIDYzuFcpfiw="
    },
    "string-width": {
      "version": "4.2.0",
      "resolved": "https://registry.npmjs.org/string-width/-/string-width-4.2.0.tgz",
      "integrity": "sha512-zUz5JD+tgqtuDjMhwIg5uFVV3dtqZ9yQJlZVfq4I01/K5Paj5UHj7VyrQOJvzawSVlKpObApbfD0Ed6yJc+1eg==",
      "requires": {
        "emoji-regex": "^8.0.0",
        "is-fullwidth-code-point": "^3.0.0",
        "strip-ansi": "^6.0.0"
      }
    },
    "strip-ansi": {
      "version": "6.0.0",
      "resolved": "https://registry.npmjs.org/strip-ansi/-/strip-ansi-6.0.0.tgz",
      "integrity": "sha512-AuvKTrTfQNYNIctbR1K/YGTR1756GycPsg7b9bdV9Duqur4gv6aKqHXah67Z8ImS7WEz5QVcOtlfW2rZEugt6w==",
      "requires": {
        "ansi-regex": "^5.0.0"
      }
    },
    "uc.micro": {
      "version": "1.0.6",
      "resolved": "https://registry.npmjs.org/uc.micro/-/uc.micro-1.0.6.tgz",
      "integrity": "sha512-8Y75pvTYkLJW2hWQHXxoqRgV7qb9B+9vFEtidML+7koHUFapnVJAZ6cKs+Qjz5Aw3aZWHMC6u0wJE3At+nSGwA=="
    },
    "util": {
      "version": "0.10.4",
      "resolved": "https://registry.npmjs.org/util/-/util-0.10.4.tgz",
      "integrity": "sha512-0Pm9hTQ3se5ll1XihRic3FDIku70C+iHUdT/W926rSgHV5QgXsYbKZN8MSC3tJtSkhuROzvsQjAaFENRXr+19A==",
      "requires": {
        "inherits": "2.0.3"
      }
    },
    "wrap-ansi": {
      "version": "7.0.0",
      "resolved": "https://registry.npmjs.org/wrap-ansi/-/wrap-ansi-7.0.0.tgz",
      "integrity": "sha512-YVGIj2kamLSTxw6NsZjoBxfSwsn0ycdesmc4p+Q21c5zPuZ1pl+NfxVdxPtdHvmNVOQ6XSYG4AUtyt/Fi7D16Q==",
      "requires": {
        "ansi-styles": "^4.0.0",
        "string-width": "^4.1.0",
        "strip-ansi": "^6.0.0"
      }
    },
    "wrappy": {
      "version": "1.0.2",
      "resolved": "https://registry.npmjs.org/wrappy/-/wrappy-1.0.2.tgz",
      "integrity": "sha1-tSQ9jz7BqjXxNkYFvA0QNuMKtp8="
    },
    "y18n": {
      "version": "5.0.5",
      "resolved": "https://registry.npmjs.org/y18n/-/y18n-5.0.5.tgz",
      "integrity": "sha512-hsRUr4FFrvhhRH12wOdfs38Gy7k2FFzB9qgN9v3aLykRq0dRcdcpz5C9FxdS2NuhOrI/628b/KSTJ3rwHysYSg=="
    },
    "yargs": {
      "version": "16.2.0",
      "resolved": "https://registry.npmjs.org/yargs/-/yargs-16.2.0.tgz",
      "integrity": "sha512-D1mvvtDG0L5ft/jGWkLpG1+m0eQxOfaBvTNELraWj22wSVUMWxZUvYgJYcKh6jGGIkJFhH4IZPQhR4TKpc8mBw==",
      "requires": {
        "cliui": "^7.0.2",
        "escalade": "^3.1.1",
        "get-caller-file": "^2.0.5",
        "require-directory": "^2.1.1",
        "string-width": "^4.2.0",
        "y18n": "^5.0.5",
        "yargs-parser": "^20.2.2"
      }
    },
    "yargs-parser": {
      "version": "20.2.5",
      "resolved": "https://registry.npmjs.org/yargs-parser/-/yargs-parser-20.2.5.tgz",
      "integrity": "sha512-jYRGS3zWy20NtDtK2kBgo/TlAoy5YUuhD9/LZ7z7W4j1Fdw2cqD0xEEclf8fxc8xjD6X5Qr+qQQwCEsP8iRiYg=="
    }
  }
}
